// !$*UTF8*$!
{
	archiveVersion = 1;
	classes = {
	};
	objectVersion = 56;
	objects = {

/* Begin PBXBuildFile section */
		A1B2C3D400000060 /* AppDelegate.swift in Sources */ = {isa = PBXBuildFile; fileRef = A1B2C3D400000050 /* AppDelegate.swift */; };
		A1B2C3D400000061 /* PreviewView.swift in Sources */ = {isa = PBXBuildFile; fileRef = A1B2C3D400000051 /* PreviewView.swift */; };
		A1B2C3D400000062 /* WDAClient.swift in Sources */ = {isa = PBXBuildFile; fileRef = A1B2C3D400000052 /* WDAClient.swift */; };
		A1B2C3D400000063 /* KeyBindingManager.swift in Sources */ = {isa = PBXBuildFile; fileRef = A1B2C3D400000053 /* KeyBindingManager.swift */; };
		A1B2C3D400000064 /* main.swift in Sources */ = {isa = PBXBuildFile; fileRef = A1B2C3D400000055 /* main.swift */; };
		A1B2C3D400000066 /* KeyBindingsWindowController.swift in Sources */ = {isa = PBXBuildFile; fileRef = A1B2C3D400000056 /* KeyBindingsWindowController.swift */; };
		A1B2C3D400000067 /* WiFiCaptureManager.swift in Sources */ = {isa = PBXBuildFile; fileRef = A1B2C3D400000057 /* WiFiCaptureManager.swift */; };
		A1B2C3D400000068 /* WiFiSettingsController.swift in Sources */ = {isa = PBXBuildFile; fileRef = A1B2C3D400000058 /* WiFiSettingsController.swift */; };
/* End PBXBuildFile section */

/* Begin PBXFileReference section */
		A1B2C3D400000040 /* iPhoneMirror.app */ = {isa = PBXFileReference; explicitFileType = wrapper.application; includeInIndex = 0; path = iPhoneMirror.app; sourceTree = BUILT_PRODUCTS_DIR; };
		A1B2C3D400000050 /* AppDelegate.swift */ = {isa = PBXFileReference; lastKnownFileType = sourcecode.swift; path = AppDelegate.swift; sourceTree = "<group>"; };
		A1B2C3D400000051 /* PreviewView.swift */ = {isa = PBXFileReference; lastKnownFileType = sourcecode.swift; path = PreviewView.swift; sourceTree = "<group>"; };
		A1B2C3D400000052 /* WDAClient.swift */ = {isa = PBXFileReference; lastKnownFileType = sourcecode.swift; path = WDAClient.swift; sourceTree = "<group>"; };
		A1B2C3D400000053 /* KeyBindingManager.swift */ = {isa = PBXFileReference; lastKnownFileType = sourcecode.swift; path = KeyBindingManager.swift; sourceTree = "<group>"; };
		A1B2C3D400000054 /* Info.plist */ = {isa = PBXFileReference; lastKnownFileType = text.plist.xml; path = Info.plist; sourceTree = "<group>"; };
		A1B2C3D400000055 /* main.swift */ = {isa = PBXFileReference; lastKnownFileType = sourcecode.swift; path = main.swift; sourceTree = "<group>"; };
		A1B2C3D400000056 /* KeyBindingsWindowController.swift */ = {isa = PBXFileReference; lastKnownFileType = sourcecode.swift; path = KeyBindingsWindowController.swift; sourceTree = "<group>"; };
		A1B2C3D400000057 /* WiFiCaptureManager.swift */ = {isa = PBXFileReference; lastKnownFileType = sourcecode.swift; path = WiFiCaptureManager.swift; sourceTree = "<group>"; };
		A1B2C3D400000058 /* WiFiSettingsController.swift */ = {isa = PBXFileReference; lastKnownFileType = sourcecode.swift; path = WiFiSettingsController.swift; sourceTree = "<group>"; };
/* End PBXFileReference section */

/* Begin PBXFrameworksBuildPhase section */
		A1B2C3D400000012 /* Frameworks */ = {
			isa = PBXFrameworksBuildPhase;
			buildActionMask = 2147483647;
			files = (
			);
			runOnlyForDeploymentPostprocessing = 0;
		};
/* End PBXFrameworksBuildPhase section */

/* Begin PBXGroup section */
		A1B2C3D400000002 = {
			isa = PBXGroup;
			children = (
				A1B2C3D400000055 /* main.swift */,
				A1B2C3D400000050 /* AppDelegate.swift */,
				A1B2C3D400000051 /* PreviewView.swift */,
				A1B2C3D400000052 /* WDAClient.swift */,
				A1B2C3D400000053 /* KeyBindingManager.swift */,
				A1B2C3D400000056 /* KeyBindingsWindowController.swift */,
				A1B2C3D400000057 /* WiFiCaptureManager.swift */,
				A1B2C3D400000058 /* WiFiSettingsController.swift */,
				A1B2C3D400000054 /* Info.plist */,
				A1B2C3D400000005 /* Products */,
			);
			sourceTree = "<group>";
		};
		A1B2C3D400000005 /* Products */ = {
			isa = PBXGroup;
			children = (
				A1B2C3D400000040 /* iPhoneMirror.app */,
			);
			name = Products;
			sourceTree = "<group>";
		};
/* End PBXGroup section */

/* Begin PBXNativeTarget section */
		A1B2C3D400000020 /* iPhoneMirror */ = {
			isa = PBXNativeTarget;
			buildConfigurationList = A1B2C3D400000033 /* Build configuration list for PBXNativeTarget "iPhoneMirror" */;
			buildPhases = (
				A1B2C3D400000010 /* Sources */,
				A1B2C3D400000012 /* Frameworks */,
				A1B2C3D400000011 /* Resources */,
			);
			buildRules = (
			);
			dependencies = (
			);
			name = iPhoneMirror;
			productName = iPhoneMirror;
			productReference = A1B2C3D400000040 /* iPhoneMirror.app */;
			productType = "com.apple.product-type.application";
		};
/* End PBXNativeTarget section */

/* Begin PBXProject section */
		A1B2C3D400000001 /* Project object */ = {
			isa = PBXProject;
			attributes = {
				BuildIndependentTargetsInParallel = 1;
				LastSwiftUpdateCheck = 1500;
				LastUpgradeCheck = 1500;
				TargetAttributes = {
					A1B2C3D400000020 = {
						CreatedOnToolsVersion = 15.0;
					};
				};
			};
			buildConfigurationList = A1B2C3D400000030 /* Build configuration list for PBXProject "iPhoneMirror" */;
			compatibilityVersion = "Xcode 14.0";
			developmentRegion = en;
			hasScannedForEncodings = 0;
			knownRegions = (
				en,
				Base,
			);
			mainGroup = A1B2C3D400000002;
			productRefGroup = A1B2C3D400000005 /* Products */;
			projectDirPath = "";
			projectRoot = "";
			targets = (
				A1B2C3D400000020 /* iPhoneMirror */,
			);
		};
/* End PBXProject section */

/* Begin PBXResourcesBuildPhase section */
		A1B2C3D400000011 /* Resources */ = {
			isa = PBXResourcesBuildPhase;
			buildActionMask = 2147483647;
			files = (
			);
			runOnlyForDeploymentPostprocessing = 0;
		};
/* End PBXResourcesBuildPhase section */

/* Begin PBXSourcesBuildPhase section */
		A1B2C3D400000010 /* Sources */ = {
			isa = PBXSourcesBuildPhase;
			buildActionMask = 2147483647;
			files = (
				A1B2C3D400000064 /* main.swift in Sources */,
				A1B2C3D400000060 /* AppDelegate.swift in Sources */,
				A1B2C3D400000061 /* PreviewView.swift in Sources */,
				A1B2C3D400000062 /* WDAClient.swift in Sources */,
				A1B2C3D400000063 /* KeyBindingManager.swift in Sources */,
				A1B2C3D400000066 /* KeyBindingsWindowController.swift in Sources */,
				A1B2C3D400000067 /* WiFiCaptureManager.swift in Sources */,
				A1B2C3D400000068 /* WiFiSettingsController.swift in Sources */,
			);
			runOnlyForDeploymentPostprocessing = 0;
		};
/* End PBXSourcesBuildPhase section */

/* Begin XCBuildConfiguration section */
		A1B2C3D400000031 /* Debug */ = {
			isa = XCBuildConfiguration;
			buildSettings = {
				ALWAYS_SEARCH_USER_PATHS = NO;
				CLANG_ANALYZER_NONNULL = YES;
				CLANG_CXX_LANGUAGE_STANDARD = "gnu++20";
				CLANG_ENABLE_MODULES = YES;
				CLANG_ENABLE_OBJC_ARC = YES;
				COPY_PHASE_STRIP = NO;
				DEBUG_INFORMATION_FORMAT = dwarf;
				ENABLE_STRICT_OBJC_MSGSEND = YES;
				ENABLE_TESTABILITY = YES;
				GCC_DYNAMIC_NO_PIC = NO;
				GCC_OPTIMIZATION_LEVEL = 0;
				GCC_PREPROCESSOR_DEFINITIONS = (
					"DEBUG=1",
					"$(inherited)",
				);
				MACOSX_DEPLOYMENT_TARGET = 13.0;
				MTL_ENABLE_DEBUG_INFO = INCLUDE_SOURCE;
				ONLY_ACTIVE_ARCH = YES;
				SDKROOT = macosx;
				SWIFT_ACTIVE_COMPILATION_CONDITIONS = "$(inherited) DEBUG";
				SWIFT_OPTIMIZATION_LEVEL = "-Onone";
			};
			name = Debug;
		};
		A1B2C3D400000032 /* Release */ = {
			isa = XCBuildConfiguration;
			buildSettings = {
				ALWAYS_SEARCH_USER_PATHS = NO;
				CLANG_ANALYZER_NONNULL = YES;
				CLANG_CXX_LANGUAGE_STANDARD = "gnu++20";
				CLANG_ENABLE_MODULES = YES;
				CLANG_ENABLE_OBJC_ARC = YES;
				COPY_PHASE_STRIP = NO;
				DEBUG_INFORMATION_FORMAT = "dwarf-with-dsym";
				ENABLE_NS_ASSERTIONS = NO;
				ENABLE_STRICT_OBJC_MSGSEND = YES;
				MACOSX_DEPLOYMENT_TARGET = 13.0;
				MTL_ENABLE_DEBUG_INFO = NO;
				SDKROOT = macosx;
				SWIFT_COMPILATION_MODE = wholemodule;
				SWIFT_OPTIMIZATION_LEVEL = "-O";
			};
			name = Release;
		};
		A1B2C3D400000034 /* Debug */ = {
			isa = XCBuildConfiguration;
			buildSettings = {
				CODE_SIGN_IDENTITY = "-";
				CODE_SIGN_STYLE = Automatic;
				COMBINE_HIDPI_IMAGES = YES;
				DEVELOPMENT_TEAM = "";
				INFOPLIST_FILE = Info.plist;
				LD_RUNPATH_SEARCH_PATHS = (
					"$(inherited)",
					"@executable_path/../Frameworks",
				);
				PRODUCT_BUNDLE_IDENTIFIER = com.iphonemirror.app;
				PRODUCT_NAME = "$(TARGET_NAME)";
				SWIFT_EMIT_LOC_STRINGS = YES;
				SWIFT_VERSION = 5.0;
			};
			name = Debug;
		};
		A1B2C3D400000035 /* Release */ = {
			isa = XCBuildConfiguration;
			buildSettings = {
				CODE_SIGN_IDENTITY = "-";
				CODE_SIGN_STYLE = Automatic;
				COMBINE_HIDPI_IMAGES = YES;
				DEVELOPMENT_TEAM = "";
				INFOPLIST_FILE = Info.plist;
				LD_RUNPATH_SEARCH_PATHS = (
					"$(inherited)",
					"@executable_path/../Frameworks",
				);
				PRODUCT_BUNDLE_IDENTIFIER = com.iphonemirror.app;
				PRODUCT_NAME = "$(TARGET_NAME)";
				SWIFT_EMIT_LOC_STRINGS = YES;
				SWIFT_VERSION = 5.0;
			};
			name = Release;
		};
/* End XCBuildConfiguration section */

/* Begin XCConfigurationList section */
		A1B2C3D400000030 /* Build configuration list for PBXProject "iPhoneMirror" */ = {
			isa = XCConfigurationList;
			buildConfigurations = (
				A1B2C3D400000031 /* Debug */,
				A1B2C3D400000032 /* Release */,
			);
			defaultConfigurationIsVisible = 0;
			defaultConfigurationName = Release;
		};
		A1B2C3D400000033 /* Build configuration list for PBXNativeTarget "iPhoneMirror" */ = {
			isa = XCConfigurationList;
			buildConfigurations = (
				A1B2C3D400000034 /* Debug */,
				A1B2C3D400000035 /* Release */,
			);
			defaultConfigurationIsVisible = 0;
			defaultConfigurationName = Release;
		};
/* End XCConfigurationList section */
	};
	rootObject = A1B2C3D400000001 /* Project object */;
}
